
Microsoft Visual Studio Solution File, Format Version 12.00
# Visual Studio Version 17
VisualStudioVersion = 17.3.32819.101
MinimumVisualStudioVersion = 10.0.40219.1
Project("{9A19103F-16F7-4668-BE54-9A1E7A4F7556}") = "DayOne", "AdventOfCode\DayOne.csproj", "{EAA1B253-8711-45B8-B8C8-5166158852C5}"
EndProject
Project("{9A19103F-16F7-4668-BE54-9A1E7A4F7556}") = "DayTwo", "DayTwo\DayTwo.csproj", "{DE3401D1-3EEF-49D5-B77A-B5493031812D}"
EndProject
Project("{9A19103F-16F7-4668-BE54-9A1E7A4F7556}") = "DayThree", "DayThree\DayThree.csproj", "{06E1E859-5F28-4414-BA07-2F909F47808D}"
EndProject
Project("{2150E333-8FDC-42A3-9474-1A3956D46DE8}") = "Day1Challenge", "Day1Challenge", "{6BA10BA1-C8F0-4078-AC26-4C58F32BB5E3}"
EndProject
Project("{2150E333-8FDC-42A3-9474-1A3956D46DE8}") = "Day3Challenge", "Day3Challenge", "{9B091CD7-745D-4E27-9AB0-1568B6F12072}"
EndProject
Project("{2150E333-8FDC-42A3-9474-1A3956D46DE8}") = "Day2Challenge", "Day2Challenge", "{5BA54135-CDC3-44BF-B2C7-5FDA2B4AC03D}"
EndProject
Project("{9A19103F-16F7-4668-BE54-9A1E7A4F7556}") = "DayThreeTests", "DayThreeTests\DayThreeTests.csproj", "{4F7BE66E-43EF-4EEF-8C92-B3888C066DE5}"
EndProject
Project("{9A19103F-16F7-4668-BE54-9A1E7A4F7556}") = "DayOneTests", "DayOneTests\DayOneTests.csproj", "{589FF93F-6757-4E86-A537-21647011E061}"
EndProject
Project("{9A19103F-16F7-4668-BE54-9A1E7A4F7556}") = "DayTwoTests", "DayTwoTests\DayTwoTests.csproj", "{AD31717F-32DF-4A6F-911E-B89D6633CEAD}"
EndProject
Project("{9A19103F-16F7-4668-BE54-9A1E7A4F7556}") = "BaseSetup", "BaseSetup\BaseSetup.csproj", "{B9655A53-8BEC-4F12-9E34-970CC405E01D}"
EndProject
Project("{FAE04EC0-301F-11D3-BF4B-00C04F79EFBC}") = "DayFour", "DayFour\DayFour.csproj", "{B6B8E8EF-F71C-4152-AD49-3C36B90D5CE7}"
EndProject
Project("{FAE04EC0-301F-11D3-BF4B-00C04F79EFBC}") = "DayFourTests", "DayFourTests\DayFourTests.csproj", "{84F66455-9189-4B75-BB1D-AC4D4657C00F}"
EndProject
Project("{2150E333-8FDC-42A3-9474-1A3956D46DE8}") = "Day4Challenge", "Day4Challenge", "{46ACF496-3ED9-4560-BEE7-7BF30F641EFE}"
EndProject
Project("{FAE04EC0-301F-11D3-BF4B-00C04F79EFBC}") = "DayFive", "DayFive\DayFive.csproj", "{6E34A71C-6E9D-4105-AC6D-C690D9D81D37}"
EndProject
Project("{FAE04EC0-301F-11D3-BF4B-00C04F79EFBC}") = "DayFiveTests", "DayFiveTests\DayFiveTests.csproj", "{0F541C74-76DF-4533-816B-E68781887937}"
EndProject
Project("{2150E333-8FDC-42A3-9474-1A3956D46DE8}") = "DayFiveChallenge", "DayFiveChallenge", "{A152E41E-42A8-4EEA-9EF4-0C55A0A44530}"
EndProject
Global
	GlobalSection(SolutionConfigurationPlatforms) = preSolution
		Debug|Any CPU = Debug|Any CPU
		Release|Any CPU = Release|Any CPU
	EndGlobalSection
	GlobalSection(ProjectConfigurationPlatforms) = postSolution
		{EAA1B253-8711-45B8-B8C8-5166158852C5}.Debug|Any CPU.ActiveCfg = Debug|Any CPU
		{EAA1B253-8711-45B8-B8C8-5166158852C5}.Debug|Any CPU.Build.0 = Debug|Any CPU
		{EAA1B253-8711-45B8-B8C8-5166158852C5}.Release|Any CPU.ActiveCfg = Release|Any CPU
		{EAA1B253-8711-45B8-B8C8-5166158852C5}.Release|Any CPU.Build.0 = Release|Any CPU
		{DE3401D1-3EEF-49D5-B77A-B5493031812D}.Debug|Any CPU.ActiveCfg = Debug|Any CPU
		{DE3401D1-3EEF-49D5-B77A-B5493031812D}.Debug|Any CPU.Build.0 = Debug|Any CPU
		{DE3401D1-3EEF-49D5-B77A-B5493031812D}.Release|Any CPU.ActiveCfg = Release|Any CPU
		{DE3401D1-3EEF-49D5-B77A-B5493031812D}.Release|Any CPU.Build.0 = Release|Any CPU
		{06E1E859-5F28-4414-BA07-2F909F47808D}.Debug|Any CPU.ActiveCfg = Debug|Any CPU
		{06E1E859-5F28-4414-BA07-2F909F47808D}.Debug|Any CPU.Build.0 = Debug|Any CPU
		{06E1E859-5F28-4414-BA07-2F909F47808D}.Release|Any CPU.ActiveCfg = Release|Any CPU
		{06E1E859-5F28-4414-BA07-2F909F47808D}.Release|Any CPU.Build.0 = Release|Any CPU
		{4F7BE66E-43EF-4EEF-8C92-B3888C066DE5}.Debug|Any CPU.ActiveCfg = Debug|Any CPU
		{4F7BE66E-43EF-4EEF-8C92-B3888C066DE5}.Debug|Any CPU.Build.0 = Debug|Any CPU
		{4F7BE66E-43EF-4EEF-8C92-B3888C066DE5}.Release|Any CPU.ActiveCfg = Release|Any CPU
		{4F7BE66E-43EF-4EEF-8C92-B3888C066DE5}.Release|Any CPU.Build.0 = Release|Any CPU
		{589FF93F-6757-4E86-A537-21647011E061}.Debug|Any CPU.ActiveCfg = Debug|Any CPU
		{589FF93F-6757-4E86-A537-21647011E061}.Debug|Any CPU.Build.0 = Debug|Any CPU
		{589FF93F-6757-4E86-A537-21647011E061}.Release|Any CPU.ActiveCfg = Release|Any CPU
		{589FF93F-6757-4E86-A537-21647011E061}.Release|Any CPU.Build.0 = Release|Any CPU
		{AD31717F-32DF-4A6F-911E-B89D6633CEAD}.Debug|Any CPU.ActiveCfg = Debug|Any CPU
		{AD31717F-32DF-4A6F-911E-B89D6633CEAD}.Debug|Any CPU.Build.0 = Debug|Any CPU
		{AD31717F-32DF-4A6F-911E-B89D6633CEAD}.Release|Any CPU.ActiveCfg = Release|Any CPU
		{AD31717F-32DF-4A6F-911E-B89D6633CEAD}.Release|Any CPU.Build.0 = Release|Any CPU
		{B9655A53-8BEC-4F12-9E34-970CC405E01D}.Debug|Any CPU.ActiveCfg = Debug|Any CPU
		{B9655A53-8BEC-4F12-9E34-970CC405E01D}.Debug|Any CPU.Build.0 = Debug|Any CPU
		{B9655A53-8BEC-4F12-9E34-970CC405E01D}.Release|Any CPU.ActiveCfg = Release|Any CPU
		{B9655A53-8BEC-4F12-9E34-970CC405E01D}.Release|Any CPU.Build.0 = Release|Any CPU
		{B6B8E8EF-F71C-4152-AD49-3C36B90D5CE7}.Debug|Any CPU.ActiveCfg = Debug|Any CPU
		{B6B8E8EF-F71C-4152-AD49-3C36B90D5CE7}.Debug|Any CPU.Build.0 = Debug|Any CPU
		{B6B8E8EF-F71C-4152-AD49-3C36B90D5CE7}.Release|Any CPU.ActiveCfg = Release|Any CPU
		{B6B8E8EF-F71C-4152-AD49-3C36B90D5CE7}.Release|Any CPU.Build.0 = Release|Any CPU
		{84F66455-9189-4B75-BB1D-AC4D4657C00F}.Debug|Any CPU.ActiveCfg = Debug|Any CPU
		{84F66455-9189-4B75-BB1D-AC4D4657C00F}.Debug|Any CPU.Build.0 = Debug|Any CPU
		{84F66455-9189-4B75-BB1D-AC4D4657C00F}.Release|Any CPU.ActiveCfg = Release|Any CPU
		{84F66455-9189-4B75-BB1D-AC4D4657C00F}.Release|Any CPU.Build.0 = Release|Any CPU
		{6E34A71C-6E9D-4105-AC6D-C690D9D81D37}.Debug|Any CPU.ActiveCfg = Debug|Any CPU
		{6E34A71C-6E9D-4105-AC6D-C690D9D81D37}.Debug|Any CPU.Build.0 = Debug|Any CPU
		{6E34A71C-6E9D-4105-AC6D-C690D9D81D37}.Release|Any CPU.ActiveCfg = Release|Any CPU
		{6E34A71C-6E9D-4105-AC6D-C690D9D81D37}.Release|Any CPU.Build.0 = Release|Any CPU
		{0F541C74-76DF-4533-816B-E68781887937}.Debug|Any CPU.ActiveCfg = Debug|Any CPU
		{0F541C74-76DF-4533-816B-E68781887937}.Debug|Any CPU.Build.0 = Debug|Any CPU
		{0F541C74-76DF-4533-816B-E68781887937}.Release|Any CPU.ActiveCfg = Release|Any CPU
		{0F541C74-76DF-4533-816B-E68781887937}.Release|Any CPU.Build.0 = Release|Any CPU
	EndGlobalSection
	GlobalSection(SolutionProperties) = preSolution
		HideSolutionNode = FALSE
	EndGlobalSection
	GlobalSection(NestedProjects) = preSolution
		{EAA1B253-8711-45B8-B8C8-5166158852C5} = {6BA10BA1-C8F0-4078-AC26-4C58F32BB5E3}
		{DE3401D1-3EEF-49D5-B77A-B5493031812D} = {5BA54135-CDC3-44BF-B2C7-5FDA2B4AC03D}
		{06E1E859-5F28-4414-BA07-2F909F47808D} = {9B091CD7-745D-4E27-9AB0-1568B6F12072}
		{4F7BE66E-43EF-4EEF-8C92-B3888C066DE5} = {9B091CD7-745D-4E27-9AB0-1568B6F12072}
		{589FF93F-6757-4E86-A537-21647011E061} = {6BA10BA1-C8F0-4078-AC26-4C58F32BB5E3}
		{AD31717F-32DF-4A6F-911E-B89D6633CEAD} = {5BA54135-CDC3-44BF-B2C7-5FDA2B4AC03D}
		{B6B8E8EF-F71C-4152-AD49-3C36B90D5CE7} = {46ACF496-3ED9-4560-BEE7-7BF30F641EFE}
		{84F66455-9189-4B75-BB1D-AC4D4657C00F} = {46ACF496-3ED9-4560-BEE7-7BF30F641EFE}
		{6E34A71C-6E9D-4105-AC6D-C690D9D81D37} = {A152E41E-42A8-4EEA-9EF4-0C55A0A44530}
		{0F541C74-76DF-4533-816B-E68781887937} = {A152E41E-42A8-4EEA-9EF4-0C55A0A44530}
	EndGlobalSection
	GlobalSection(ExtensibilityGlobals) = postSolution
		SolutionGuid = {A1B44861-9AB9-4546-AB82-532BF063748B}
	EndGlobalSection
EndGlobal
